// !$*UTF8*$!
{
	archiveVersion = 1;
	classes = {
	};
	objectVersion = 50;
	objects = {

/* Begin PBXBuildFile section */
		1714BDF4265E50BF0040C109 /* AppDelegate.swift in Sources */ = {isa = PBXBuildFile; fileRef = 1714BDF3265E50BF0040C109 /* AppDelegate.swift */; };
		1714BDF6265E50BF0040C109 /* SceneDelegate.swift in Sources */ = {isa = PBXBuildFile; fileRef = 1714BDF5265E50BF0040C109 /* SceneDelegate.swift */; };
		1714BDF8265E50BF0040C109 /* ViewController.swift in Sources */ = {isa = PBXBuildFile; fileRef = 1714BDF7265E50BF0040C109 /* ViewController.swift */; };
		1714BDFB265E50BF0040C109 /* Main.storyboard in Resources */ = {isa = PBXBuildFile; fileRef = 1714BDF9265E50BF0040C109 /* Main.storyboard */; };
		1714BDFD265E50C10040C109 /* Assets.xcassets in Resources */ = {isa = PBXBuildFile; fileRef = 1714BDFC265E50C10040C109 /* Assets.xcassets */; };
		1714BE00265E50C10040C109 /* LaunchScreen.storyboard in Resources */ = {isa = PBXBuildFile; fileRef = 1714BDFE265E50C10040C109 /* LaunchScreen.storyboard */; };
		1714BE0B265E50C10040C109 /* VML_PlayerTests.swift in Sources */ = {isa = PBXBuildFile; fileRef = 1714BE0A265E50C10040C109 /* VML_PlayerTests.swift */; };
		1714BE16265E50C10040C109 /* VML_PlayerUITests.swift in Sources */ = {isa = PBXBuildFile; fileRef = 1714BE15265E50C10040C109 /* VML_PlayerUITests.swift */; };
		1714BE322660E2090040C109 /* PlayerSetup.js in Resources */ = {isa = PBXBuildFile; fileRef = 1714BE2E2660E2090040C109 /* PlayerSetup.js */; };
		FCDB33CA266631A8009C82DC /* VMLPlayerController.h in Headers */ = {isa = PBXBuildFile; fileRef = FCDB33C8266631A8009C82DC /* VMLPlayerController.h */; settings = {ATTRIBUTES = (Public, ); }; };
		FCDB33CD266631A8009C82DC /* VMLPlayerController.framework in Frameworks */ = {isa = PBXBuildFile; fileRef = FCDB33C6266631A8009C82DC /* VMLPlayerController.framework */; };
		FCDB33CE266631A8009C82DC /* VMLPlayerController.framework in Embed Frameworks */ = {isa = PBXBuildFile; fileRef = FCDB33C6266631A8009C82DC /* VMLPlayerController.framework */; settings = {ATTRIBUTES = (CodeSignOnCopy, RemoveHeadersOnCopy, ); }; };
		FCDB33D626663227009C82DC /* VMLPlayerViewController.swift in Sources */ = {isa = PBXBuildFile; fileRef = 1714BE25265E88650040C109 /* VMLPlayerViewController.swift */; };
		FCDB33DB26663238009C82DC /* index.html in Resources */ = {isa = PBXBuildFile; fileRef = 1714BE29265FD53D0040C109 /* index.html */; };
		FCDB33ED26663240009C82DC /* bundle.js in Resources */ = {isa = PBXBuildFile; fileRef = 1714BE2C2660E2090040C109 /* bundle.js */; };
		FCDB33EE26663240009C82DC /* main.css in Resources */ = {isa = PBXBuildFile; fileRef = 1714BE2F2660E2090040C109 /* main.css */; };
		FCDB33FB26663247009C82DC /* VMLPlayerViewController.xib in Resources */ = {isa = PBXBuildFile; fileRef = FCC6A2CB266591E6001AF0E4 /* VMLPlayerViewController.xib */; };
		FCDB341626663E37009C82DC /* AudioToolbox.framework in Frameworks */ = {isa = PBXBuildFile; fileRef = FCDB341526663E37009C82DC /* AudioToolbox.framework */; };
		FCDB341826663E5A009C82DC /* NetworkExtension.framework in Frameworks */ = {isa = PBXBuildFile; fileRef = FCDB341726663E5A009C82DC /* NetworkExtension.framework */; };
/* End PBXBuildFile section */

/* Begin PBXContainerItemProxy section */
		1714BE07265E50C10040C109 /* PBXContainerItemProxy */ = {
			isa = PBXContainerItemProxy;
			containerPortal = 1714BDE8265E50BF0040C109 /* Project object */;
			proxyType = 1;
			remoteGlobalIDString = 1714BDEF265E50BF0040C109;
			remoteInfo = "VML Player";
		};
		1714BE12265E50C10040C109 /* PBXContainerItemProxy */ = {
			isa = PBXContainerItemProxy;
			containerPortal = 1714BDE8265E50BF0040C109 /* Project object */;
			proxyType = 1;
			remoteGlobalIDString = 1714BDEF265E50BF0040C109;
			remoteInfo = "VML Player";
		};
		FCDB33CB266631A8009C82DC /* PBXContainerItemProxy */ = {
			isa = PBXContainerItemProxy;
			containerPortal = 1714BDE8265E50BF0040C109 /* Project object */;
			proxyType = 1;
			remoteGlobalIDString = FCDB33C5266631A8009C82DC;
			remoteInfo = VMLPlayerController;
		};
/* End PBXContainerItemProxy section */

/* Begin PBXCopyFilesBuildPhase section */
		FCDB33CF266631A8009C82DC /* Embed Frameworks */ = {
			isa = PBXCopyFilesBuildPhase;
			buildActionMask = 2147483647;
			dstPath = "";
			dstSubfolderSpec = 10;
			files = (
				FCDB33CE266631A8009C82DC /* VMLPlayerController.framework in Embed Frameworks */,
			);
			name = "Embed Frameworks";
			runOnlyForDeploymentPostprocessing = 0;
		};
/* End PBXCopyFilesBuildPhase section */

/* Begin PBXFileReference section */
		1714BDF0265E50BF0040C109 /* VML Player.app */ = {isa = PBXFileReference; explicitFileType = wrapper.application; includeInIndex = 0; path = "VML Player.app"; sourceTree = BUILT_PRODUCTS_DIR; };
		1714BDF3265E50BF0040C109 /* AppDelegate.swift */ = {isa = PBXFileReference; lastKnownFileType = sourcecode.swift; path = AppDelegate.swift; sourceTree = "<group>"; };
		1714BDF5265E50BF0040C109 /* SceneDelegate.swift */ = {isa = PBXFileReference; lastKnownFileType = sourcecode.swift; path = SceneDelegate.swift; sourceTree = "<group>"; };
		1714BDF7265E50BF0040C109 /* ViewController.swift */ = {isa = PBXFileReference; lastKnownFileType = sourcecode.swift; path = ViewController.swift; sourceTree = "<group>"; };
		1714BDFA265E50BF0040C109 /* Base */ = {isa = PBXFileReference; lastKnownFileType = file.storyboard; name = Base; path = Base.lproj/Main.storyboard; sourceTree = "<group>"; };
		1714BDFC265E50C10040C109 /* Assets.xcassets */ = {isa = PBXFileReference; lastKnownFileType = folder.assetcatalog; path = Assets.xcassets; sourceTree = "<group>"; };
		1714BDFF265E50C10040C109 /* Base */ = {isa = PBXFileReference; lastKnownFileType = file.storyboard; name = Base; path = Base.lproj/LaunchScreen.storyboard; sourceTree = "<group>"; };
		1714BE01265E50C10040C109 /* Info.plist */ = {isa = PBXFileReference; lastKnownFileType = text.plist.xml; path = Info.plist; sourceTree = "<group>"; };
		1714BE06265E50C10040C109 /* VML PlayerTests.xctest */ = {isa = PBXFileReference; explicitFileType = wrapper.cfbundle; includeInIndex = 0; path = "VML PlayerTests.xctest"; sourceTree = BUILT_PRODUCTS_DIR; };
		1714BE0A265E50C10040C109 /* VML_PlayerTests.swift */ = {isa = PBXFileReference; lastKnownFileType = sourcecode.swift; path = VML_PlayerTests.swift; sourceTree = "<group>"; };
		1714BE0C265E50C10040C109 /* Info.plist */ = {isa = PBXFileReference; lastKnownFileType = text.plist.xml; path = Info.plist; sourceTree = "<group>"; };
		1714BE11265E50C10040C109 /* VML PlayerUITests.xctest */ = {isa = PBXFileReference; explicitFileType = wrapper.cfbundle; includeInIndex = 0; path = "VML PlayerUITests.xctest"; sourceTree = BUILT_PRODUCTS_DIR; };
		1714BE15265E50C10040C109 /* VML_PlayerUITests.swift */ = {isa = PBXFileReference; lastKnownFileType = sourcecode.swift; path = VML_PlayerUITests.swift; sourceTree = "<group>"; };
		1714BE17265E50C10040C109 /* Info.plist */ = {isa = PBXFileReference; lastKnownFileType = text.plist.xml; path = Info.plist; sourceTree = "<group>"; };
		1714BE25265E88650040C109 /* VMLPlayerViewController.swift */ = {isa = PBXFileReference; lastKnownFileType = sourcecode.swift; path = VMLPlayerViewController.swift; sourceTree = "<group>"; };
		1714BE29265FD53D0040C109 /* index.html */ = {isa = PBXFileReference; fileEncoding = 4; lastKnownFileType = text.html; path = index.html; sourceTree = "<group>"; };
		1714BE2C2660E2090040C109 /* bundle.js */ = {isa = PBXFileReference; fileEncoding = 4; lastKnownFileType = sourcecode.javascript; path = bundle.js; sourceTree = "<group>"; };
		1714BE2E2660E2090040C109 /* PlayerSetup.js */ = {isa = PBXFileReference; fileEncoding = 4; lastKnownFileType = sourcecode.javascript; path = PlayerSetup.js; sourceTree = "<group>"; };
		1714BE2F2660E2090040C109 /* main.css */ = {isa = PBXFileReference; fileEncoding = 4; lastKnownFileType = text.css; path = main.css; sourceTree = "<group>"; };
		FCC6A2CB266591E6001AF0E4 /* VMLPlayerViewController.xib */ = {isa = PBXFileReference; lastKnownFileType = file.xib; path = VMLPlayerViewController.xib; sourceTree = "<group>"; };
		FCDB33C6266631A8009C82DC /* VMLPlayerController.framework */ = {isa = PBXFileReference; explicitFileType = wrapper.framework; includeInIndex = 0; path = VMLPlayerController.framework; sourceTree = BUILT_PRODUCTS_DIR; };
		FCDB33C8266631A8009C82DC /* VMLPlayerController.h */ = {isa = PBXFileReference; lastKnownFileType = sourcecode.c.h; path = VMLPlayerController.h; sourceTree = "<group>"; };
		FCDB33C9266631A8009C82DC /* Info.plist */ = {isa = PBXFileReference; lastKnownFileType = text.plist.xml; path = Info.plist; sourceTree = "<group>"; };
		FCDB3400266632E9009C82DC /* UIKit.framework */ = {isa = PBXFileReference; lastKnownFileType = wrapper.framework; name = UIKit.framework; path = Platforms/MacOSX.platform/Developer/SDKs/MacOSX11.0.sdk/System/iOSSupport/System/Library/Frameworks/UIKit.framework; sourceTree = DEVELOPER_DIR; };
		FCDB341126663E2B009C82DC /* VML Player.entitlements */ = {isa = PBXFileReference; lastKnownFileType = text.plist.entitlements; path = "VML Player.entitlements"; sourceTree = "<group>"; };
		FCDB341526663E37009C82DC /* AudioToolbox.framework */ = {isa = PBXFileReference; lastKnownFileType = wrapper.framework; name = AudioToolbox.framework; path = System/Library/Frameworks/AudioToolbox.framework; sourceTree = SDKROOT; };
		FCDB341726663E5A009C82DC /* NetworkExtension.framework */ = {isa = PBXFileReference; lastKnownFileType = wrapper.framework; name = NetworkExtension.framework; path = System/Library/Frameworks/NetworkExtension.framework; sourceTree = SDKROOT; };
/* End PBXFileReference section */

/* Begin PBXFrameworksBuildPhase section */
		1714BDED265E50BF0040C109 /* Frameworks */ = {
			isa = PBXFrameworksBuildPhase;
			buildActionMask = 2147483647;
			files = (
				FCDB33CD266631A8009C82DC /* VMLPlayerController.framework in Frameworks */,
				FCDB341826663E5A009C82DC /* NetworkExtension.framework in Frameworks */,
				FCDB341626663E37009C82DC /* AudioToolbox.framework in Frameworks */,
			);
			runOnlyForDeploymentPostprocessing = 0;
		};
		1714BE03265E50C10040C109 /* Frameworks */ = {
			isa = PBXFrameworksBuildPhase;
			buildActionMask = 2147483647;
			files = (
			);
			runOnlyForDeploymentPostprocessing = 0;
		};
		1714BE0E265E50C10040C109 /* Frameworks */ = {
			isa = PBXFrameworksBuildPhase;
			buildActionMask = 2147483647;
			files = (
			);
			runOnlyForDeploymentPostprocessing = 0;
		};
		FCDB33C3266631A8009C82DC /* Frameworks */ = {
			isa = PBXFrameworksBuildPhase;
			buildActionMask = 2147483647;
			files = (
			);
			runOnlyForDeploymentPostprocessing = 0;
		};
/* End PBXFrameworksBuildPhase section */

/* Begin PBXGroup section */
		1714BDE7265E50BF0040C109 = {
			isa = PBXGroup;
			children = (
				1714BDF2265E50BF0040C109 /* VML Player */,
				1714BE09265E50C10040C109 /* VML PlayerTests */,
				1714BE14265E50C10040C109 /* VML PlayerUITests */,
				FCDB33C7266631A8009C82DC /* VMLPlayerController */,
				1714BDF1265E50BF0040C109 /* Products */,
				FCDB33FF266632E9009C82DC /* Frameworks */,
			);
			sourceTree = "<group>";
		};
		1714BDF1265E50BF0040C109 /* Products */ = {
			isa = PBXGroup;
			children = (
				1714BDF0265E50BF0040C109 /* VML Player.app */,
				1714BE06265E50C10040C109 /* VML PlayerTests.xctest */,
				1714BE11265E50C10040C109 /* VML PlayerUITests.xctest */,
				FCDB33C6266631A8009C82DC /* VMLPlayerController.framework */,
			);
			name = Products;
			sourceTree = "<group>";
		};
		1714BDF2265E50BF0040C109 /* VML Player */ = {
			isa = PBXGroup;
			children = (
				FCDB341126663E2B009C82DC /* VML Player.entitlements */,
				1714BE2B2660E1D50040C109 /* Client */,
				1714BDF3265E50BF0040C109 /* AppDelegate.swift */,
				1714BDF5265E50BF0040C109 /* SceneDelegate.swift */,
				1714BDF7265E50BF0040C109 /* ViewController.swift */,
				1714BDF9265E50BF0040C109 /* Main.storyboard */,
				1714BDFC265E50C10040C109 /* Assets.xcassets */,
				1714BDFE265E50C10040C109 /* LaunchScreen.storyboard */,
				1714BE01265E50C10040C109 /* Info.plist */,
			);
			path = "VML Player";
			sourceTree = "<group>";
		};
		1714BE09265E50C10040C109 /* VML PlayerTests */ = {
			isa = PBXGroup;
			children = (
				1714BE0A265E50C10040C109 /* VML_PlayerTests.swift */,
				1714BE0C265E50C10040C109 /* Info.plist */,
			);
			path = "VML PlayerTests";
			sourceTree = "<group>";
		};
		1714BE14265E50C10040C109 /* VML PlayerUITests */ = {
			isa = PBXGroup;
			children = (
				1714BE15265E50C10040C109 /* VML_PlayerUITests.swift */,
				1714BE17265E50C10040C109 /* Info.plist */,
			);
			path = "VML PlayerUITests";
			sourceTree = "<group>";
		};
		1714BE2B2660E1D50040C109 /* Client */ = {
			isa = PBXGroup;
			children = (
				1714BE2E2660E2090040C109 /* PlayerSetup.js */,
			);
			path = Client;
			sourceTree = "<group>";
		};
		FCDB33C7266631A8009C82DC /* VMLPlayerController */ = {
			isa = PBXGroup;
			children = (
				1714BE2C2660E2090040C109 /* bundle.js */,
				1714BE2F2660E2090040C109 /* main.css */,
				1714BE29265FD53D0040C109 /* index.html */,
				1714BE25265E88650040C109 /* VMLPlayerViewController.swift */,
				FCC6A2CB266591E6001AF0E4 /* VMLPlayerViewController.xib */,
				FCDB33C8266631A8009C82DC /* VMLPlayerController.h */,
				FCDB33C9266631A8009C82DC /* Info.plist */,
			);
			path = VMLPlayerController;
			sourceTree = "<group>";
		};
		FCDB33FF266632E9009C82DC /* Frameworks */ = {
			isa = PBXGroup;
			children = (
				FCDB341726663E5A009C82DC /* NetworkExtension.framework */,
				FCDB341526663E37009C82DC /* AudioToolbox.framework */,
				FCDB3400266632E9009C82DC /* UIKit.framework */,
			);
			name = Frameworks;
			sourceTree = "<group>";
		};
/* End PBXGroup section */

/* Begin PBXHeadersBuildPhase section */
		FCDB33C1266631A8009C82DC /* Headers */ = {
			isa = PBXHeadersBuildPhase;
			buildActionMask = 2147483647;
			files = (
				FCDB33CA266631A8009C82DC /* VMLPlayerController.h in Headers */,
			);
			runOnlyForDeploymentPostprocessing = 0;
		};
/* End PBXHeadersBuildPhase section */

/* Begin PBXNativeTarget section */
		1714BDEF265E50BF0040C109 /* VML Player */ = {
			isa = PBXNativeTarget;
			buildConfigurationList = 1714BE1A265E50C10040C109 /* Build configuration list for PBXNativeTarget "VML Player" */;
			buildPhases = (
				1714BDEC265E50BF0040C109 /* Sources */,
				1714BDED265E50BF0040C109 /* Frameworks */,
				1714BDEE265E50BF0040C109 /* Resources */,
				FCDB33CF266631A8009C82DC /* Embed Frameworks */,
			);
			buildRules = (
			);
			dependencies = (
				FCDB33CC266631A8009C82DC /* PBXTargetDependency */,
			);
			name = "VML Player";
			productName = "VML Player";
			productReference = 1714BDF0265E50BF0040C109 /* VML Player.app */;
			productType = "com.apple.product-type.application";
		};
		1714BE05265E50C10040C109 /* VML PlayerTests */ = {
			isa = PBXNativeTarget;
			buildConfigurationList = 1714BE1D265E50C10040C109 /* Build configuration list for PBXNativeTarget "VML PlayerTests" */;
			buildPhases = (
				1714BE02265E50C10040C109 /* Sources */,
				1714BE03265E50C10040C109 /* Frameworks */,
				1714BE04265E50C10040C109 /* Resources */,
			);
			buildRules = (
			);
			dependencies = (
				1714BE08265E50C10040C109 /* PBXTargetDependency */,
			);
			name = "VML PlayerTests";
			productName = "VML PlayerTests";
			productReference = 1714BE06265E50C10040C109 /* VML PlayerTests.xctest */;
			productType = "com.apple.product-type.bundle.unit-test";
		};
		1714BE10265E50C10040C109 /* VML PlayerUITests */ = {
			isa = PBXNativeTarget;
			buildConfigurationList = 1714BE20265E50C10040C109 /* Build configuration list for PBXNativeTarget "VML PlayerUITests" */;
			buildPhases = (
				1714BE0D265E50C10040C109 /* Sources */,
				1714BE0E265E50C10040C109 /* Frameworks */,
				1714BE0F265E50C10040C109 /* Resources */,
			);
			buildRules = (
			);
			dependencies = (
				1714BE13265E50C10040C109 /* PBXTargetDependency */,
			);
			name = "VML PlayerUITests";
			productName = "VML PlayerUITests";
			productReference = 1714BE11265E50C10040C109 /* VML PlayerUITests.xctest */;
			productType = "com.apple.product-type.bundle.ui-testing";
		};
		FCDB33C5266631A8009C82DC /* VMLPlayerController */ = {
			isa = PBXNativeTarget;
			buildConfigurationList = FCDB33D2266631A8009C82DC /* Build configuration list for PBXNativeTarget "VMLPlayerController" */;
			buildPhases = (
				FCDB33C1266631A8009C82DC /* Headers */,
				FCDB33C2266631A8009C82DC /* Sources */,
				FCDB33C3266631A8009C82DC /* Frameworks */,
				FCDB33C4266631A8009C82DC /* Resources */,
			);
			buildRules = (
			);
			dependencies = (
			);
			name = VMLPlayerController;
			productName = VMLPlayerController;
			productReference = FCDB33C6266631A8009C82DC /* VMLPlayerController.framework */;
			productType = "com.apple.product-type.framework";
		};
/* End PBXNativeTarget section */

/* Begin PBXProject section */
		1714BDE8265E50BF0040C109 /* Project object */ = {
			isa = PBXProject;
			attributes = {
				LastSwiftUpdateCheck = 1250;
				LastUpgradeCheck = 1250;
				TargetAttributes = {
					1714BDEF265E50BF0040C109 = {
						CreatedOnToolsVersion = 12.5;
					};
					1714BE05265E50C10040C109 = {
						CreatedOnToolsVersion = 12.5;
						TestTargetID = 1714BDEF265E50BF0040C109;
					};
					1714BE10265E50C10040C109 = {
						CreatedOnToolsVersion = 12.5;
						TestTargetID = 1714BDEF265E50BF0040C109;
					};
					FCDB33C5266631A8009C82DC = {
						CreatedOnToolsVersion = 12.2;
					};
				};
			};
			buildConfigurationList = 1714BDEB265E50BF0040C109 /* Build configuration list for PBXProject "VML Player" */;
			compatibilityVersion = "Xcode 9.3";
			developmentRegion = en;
			hasScannedForEncodings = 0;
			knownRegions = (
				en,
				Base,
			);
			mainGroup = 1714BDE7265E50BF0040C109;
			productRefGroup = 1714BDF1265E50BF0040C109 /* Products */;
			projectDirPath = "";
			projectRoot = "";
			targets = (
				1714BDEF265E50BF0040C109 /* VML Player */,
				1714BE05265E50C10040C109 /* VML PlayerTests */,
				1714BE10265E50C10040C109 /* VML PlayerUITests */,
				FCDB33C5266631A8009C82DC /* VMLPlayerController */,
			);
		};
/* End PBXProject section */

/* Begin PBXResourcesBuildPhase section */
		1714BDEE265E50BF0040C109 /* Resources */ = {
			isa = PBXResourcesBuildPhase;
			buildActionMask = 2147483647;
			files = (
				1714BE00265E50C10040C109 /* LaunchScreen.storyboard in Resources */,
				1714BDFD265E50C10040C109 /* Assets.xcassets in Resources */,
				1714BDFB265E50BF0040C109 /* Main.storyboard in Resources */,
				1714BE322660E2090040C109 /* PlayerSetup.js in Resources */,
			);
			runOnlyForDeploymentPostprocessing = 0;
		};
		1714BE04265E50C10040C109 /* Resources */ = {
			isa = PBXResourcesBuildPhase;
			buildActionMask = 2147483647;
			files = (
			);
			runOnlyForDeploymentPostprocessing = 0;
		};
		1714BE0F265E50C10040C109 /* Resources */ = {
			isa = PBXResourcesBuildPhase;
			buildActionMask = 2147483647;
			files = (
			);
			runOnlyForDeploymentPostprocessing = 0;
		};
		FCDB33C4266631A8009C82DC /* Resources */ = {
			isa = PBXResourcesBuildPhase;
			buildActionMask = 2147483647;
			files = (
				FCDB33ED26663240009C82DC /* bundle.js in Resources */,
				FCDB33DB26663238009C82DC /* index.html in Resources */,
				FCDB33EE26663240009C82DC /* main.css in Resources */,
				FCDB33FB26663247009C82DC /* VMLPlayerViewController.xib in Resources */,
			);
			runOnlyForDeploymentPostprocessing = 0;
		};
/* End PBXResourcesBuildPhase section */

/* Begin PBXSourcesBuildPhase section */
		1714BDEC265E50BF0040C109 /* Sources */ = {
			isa = PBXSourcesBuildPhase;
			buildActionMask = 2147483647;
			files = (
				1714BDF8265E50BF0040C109 /* ViewController.swift in Sources */,
				1714BDF4265E50BF0040C109 /* AppDelegate.swift in Sources */,
				1714BDF6265E50BF0040C109 /* SceneDelegate.swift in Sources */,
			);
			runOnlyForDeploymentPostprocessing = 0;
		};
		1714BE02265E50C10040C109 /* Sources */ = {
			isa = PBXSourcesBuildPhase;
			buildActionMask = 2147483647;
			files = (
				1714BE0B265E50C10040C109 /* VML_PlayerTests.swift in Sources */,
			);
			runOnlyForDeploymentPostprocessing = 0;
		};
		1714BE0D265E50C10040C109 /* Sources */ = {
			isa = PBXSourcesBuildPhase;
			buildActionMask = 2147483647;
			files = (
				1714BE16265E50C10040C109 /* VML_PlayerUITests.swift in Sources */,
			);
			runOnlyForDeploymentPostprocessing = 0;
		};
		FCDB33C2266631A8009C82DC /* Sources */ = {
			isa = PBXSourcesBuildPhase;
			buildActionMask = 2147483647;
			files = (
				FCDB33D626663227009C82DC /* VMLPlayerViewController.swift in Sources */,
			);
			runOnlyForDeploymentPostprocessing = 0;
		};
/* End PBXSourcesBuildPhase section */

/* Begin PBXTargetDependency section */
		1714BE08265E50C10040C109 /* PBXTargetDependency */ = {
			isa = PBXTargetDependency;
			target = 1714BDEF265E50BF0040C109 /* VML Player */;
			targetProxy = 1714BE07265E50C10040C109 /* PBXContainerItemProxy */;
		};
		1714BE13265E50C10040C109 /* PBXTargetDependency */ = {
			isa = PBXTargetDependency;
			target = 1714BDEF265E50BF0040C109 /* VML Player */;
			targetProxy = 1714BE12265E50C10040C109 /* PBXContainerItemProxy */;
		};
		FCDB33CC266631A8009C82DC /* PBXTargetDependency */ = {
			isa = PBXTargetDependency;
			target = FCDB33C5266631A8009C82DC /* VMLPlayerController */;
			targetProxy = FCDB33CB266631A8009C82DC /* PBXContainerItemProxy */;
		};
/* End PBXTargetDependency section */

/* Begin PBXVariantGroup section */
		1714BDF9265E50BF0040C109 /* Main.storyboard */ = {
			isa = PBXVariantGroup;
			children = (
				1714BDFA265E50BF0040C109 /* Base */,
			);
			name = Main.storyboard;
			sourceTree = "<group>";
		};
		1714BDFE265E50C10040C109 /* LaunchScreen.storyboard */ = {
			isa = PBXVariantGroup;
			children = (
				1714BDFF265E50C10040C109 /* Base */,
			);
			name = LaunchScreen.storyboard;
			sourceTree = "<group>";
		};
/* End PBXVariantGroup section */

/* Begin XCBuildConfiguration section */
		1714BE18265E50C10040C109 /* Debug */ = {
			isa = XCBuildConfiguration;
			buildSettings = {
				ALWAYS_SEARCH_USER_PATHS = NO;
				CLANG_ANALYZER_NONNULL = YES;
				CLANG_ANALYZER_NUMBER_OBJECT_CONVERSION = YES_AGGRESSIVE;
				CLANG_CXX_LANGUAGE_STANDARD = "gnu++14";
				CLANG_CXX_LIBRARY = "libc++";
				CLANG_ENABLE_MODULES = YES;
				CLANG_ENABLE_OBJC_ARC = YES;
				CLANG_ENABLE_OBJC_WEAK = YES;
				CLANG_WARN_BLOCK_CAPTURE_AUTORELEASING = YES;
				CLANG_WARN_BOOL_CONVERSION = YES;
				CLANG_WARN_COMMA = YES;
				CLANG_WARN_CONSTANT_CONVERSION = YES;
				CLANG_WARN_DEPRECATED_OBJC_IMPLEMENTATIONS = YES;
				CLANG_WARN_DIRECT_OBJC_ISA_USAGE = YES_ERROR;
				CLANG_WARN_DOCUMENTATION_COMMENTS = YES;
				CLANG_WARN_EMPTY_BODY = YES;
				CLANG_WARN_ENUM_CONVERSION = YES;
				CLANG_WARN_INFINITE_RECURSION = YES;
				CLANG_WARN_INT_CONVERSION = YES;
				CLANG_WARN_NON_LITERAL_NULL_CONVERSION = YES;
				CLANG_WARN_OBJC_IMPLICIT_RETAIN_SELF = YES;
				CLANG_WARN_OBJC_LITERAL_CONVERSION = YES;
				CLANG_WARN_OBJC_ROOT_CLASS = YES_ERROR;
				CLANG_WARN_QUOTED_INCLUDE_IN_FRAMEWORK_HEADER = YES;
				CLANG_WARN_RANGE_LOOP_ANALYSIS = YES;
				CLANG_WARN_STRICT_PROTOTYPES = YES;
				CLANG_WARN_SUSPICIOUS_MOVE = YES;
				CLANG_WARN_UNGUARDED_AVAILABILITY = YES_AGGRESSIVE;
				CLANG_WARN_UNREACHABLE_CODE = YES;
				CLANG_WARN__DUPLICATE_METHOD_MATCH = YES;
				COPY_PHASE_STRIP = NO;
				DEBUG_INFORMATION_FORMAT = dwarf;
				ENABLE_STRICT_OBJC_MSGSEND = YES;
				ENABLE_TESTABILITY = YES;
				GCC_C_LANGUAGE_STANDARD = gnu11;
				GCC_DYNAMIC_NO_PIC = NO;
				GCC_NO_COMMON_BLOCKS = YES;
				GCC_OPTIMIZATION_LEVEL = 0;
				GCC_PREPROCESSOR_DEFINITIONS = (
					"DEBUG=1",
					"$(inherited)",
				);
				GCC_WARN_64_TO_32_BIT_CONVERSION = YES;
				GCC_WARN_ABOUT_RETURN_TYPE = YES_ERROR;
				GCC_WARN_UNDECLARED_SELECTOR = YES;
				GCC_WARN_UNINITIALIZED_AUTOS = YES_AGGRESSIVE;
				GCC_WARN_UNUSED_FUNCTION = YES;
				GCC_WARN_UNUSED_VARIABLE = YES;
				IPHONEOS_DEPLOYMENT_TARGET = 14.0;
				MTL_ENABLE_DEBUG_INFO = INCLUDE_SOURCE;
				MTL_FAST_MATH = YES;
				ONLY_ACTIVE_ARCH = YES;
				SDKROOT = iphoneos;
				SWIFT_ACTIVE_COMPILATION_CONDITIONS = DEBUG;
				SWIFT_OPTIMIZATION_LEVEL = "-Onone";
			};
			name = Debug;
		};
		1714BE19265E50C10040C109 /* Release */ = {
			isa = XCBuildConfiguration;
			buildSettings = {
				ALWAYS_SEARCH_USER_PATHS = NO;
				CLANG_ANALYZER_NONNULL = YES;
				CLANG_ANALYZER_NUMBER_OBJECT_CONVERSION = YES_AGGRESSIVE;
				CLANG_CXX_LANGUAGE_STANDARD = "gnu++14";
				CLANG_CXX_LIBRARY = "libc++";
				CLANG_ENABLE_MODULES = YES;
				CLANG_ENABLE_OBJC_ARC = YES;
				CLANG_ENABLE_OBJC_WEAK = YES;
				CLANG_WARN_BLOCK_CAPTURE_AUTORELEASING = YES;
				CLANG_WARN_BOOL_CONVERSION = YES;
				CLANG_WARN_COMMA = YES;
				CLANG_WARN_CONSTANT_CONVERSION = YES;
				CLANG_WARN_DEPRECATED_OBJC_IMPLEMENTATIONS = YES;
				CLANG_WARN_DIRECT_OBJC_ISA_USAGE = YES_ERROR;
				CLANG_WARN_DOCUMENTATION_COMMENTS = YES;
				CLANG_WARN_EMPTY_BODY = YES;
				CLANG_WARN_ENUM_CONVERSION = YES;
				CLANG_WARN_INFINITE_RECURSION = YES;
				CLANG_WARN_INT_CONVERSION = YES;
				CLANG_WARN_NON_LITERAL_NULL_CONVERSION = YES;
				CLANG_WARN_OBJC_IMPLICIT_RETAIN_SELF = YES;
				CLANG_WARN_OBJC_LITERAL_CONVERSION = YES;
				CLANG_WARN_OBJC_ROOT_CLASS = YES_ERROR;
				CLANG_WARN_QUOTED_INCLUDE_IN_FRAMEWORK_HEADER = YES;
				CLANG_WARN_RANGE_LOOP_ANALYSIS = YES;
				CLANG_WARN_STRICT_PROTOTYPES = YES;
				CLANG_WARN_SUSPICIOUS_MOVE = YES;
				CLANG_WARN_UNGUARDED_AVAILABILITY = YES_AGGRESSIVE;
				CLANG_WARN_UNREACHABLE_CODE = YES;
				CLANG_WARN__DUPLICATE_METHOD_MATCH = YES;
				COPY_PHASE_STRIP = NO;
				DEBUG_INFORMATION_FORMAT = "dwarf-with-dsym";
				ENABLE_NS_ASSERTIONS = NO;
				ENABLE_STRICT_OBJC_MSGSEND = YES;
				GCC_C_LANGUAGE_STANDARD = gnu11;
				GCC_NO_COMMON_BLOCKS = YES;
				GCC_WARN_64_TO_32_BIT_CONVERSION = YES;
				GCC_WARN_ABOUT_RETURN_TYPE = YES_ERROR;
				GCC_WARN_UNDECLARED_SELECTOR = YES;
				GCC_WARN_UNINITIALIZED_AUTOS = YES_AGGRESSIVE;
				GCC_WARN_UNUSED_FUNCTION = YES;
				GCC_WARN_UNUSED_VARIABLE = YES;
				IPHONEOS_DEPLOYMENT_TARGET = 14.0;
				MTL_ENABLE_DEBUG_INFO = NO;
				MTL_FAST_MATH = YES;
				SDKROOT = iphoneos;
				SWIFT_COMPILATION_MODE = wholemodule;
				SWIFT_OPTIMIZATION_LEVEL = "-O";
				VALIDATE_PRODUCT = YES;
			};
			name = Release;
		};
		1714BE1B265E50C10040C109 /* Debug */ = {
			isa = XCBuildConfiguration;
			buildSettings = {
				ALWAYS_EMBED_SWIFT_STANDARD_LIBRARIES = YES;
				ASSETCATALOG_COMPILER_APPICON_NAME = AppIcon;
				ASSETCATALOG_COMPILER_GLOBAL_ACCENT_COLOR_NAME = AccentColor;
				CODE_SIGN_ENTITLEMENTS = "VML Player/VML Player.entitlements";
				CODE_SIGN_STYLE = Automatic;
				DEVELOPMENT_TEAM = AAWR7RB6HE;
				INFOPLIST_FILE = "VML Player/Info.plist";
				LD_RUNPATH_SEARCH_PATHS = (
					"$(inherited)",
					"@executable_path/Frameworks",
				);
				PRODUCT_BUNDLE_IDENTIFIER = "technology.vml.VML-Player";
				PRODUCT_NAME = "$(TARGET_NAME)";
				SWIFT_VERSION = 5.0;
				TARGETED_DEVICE_FAMILY = "1,2";
			};
			name = Debug;
		};
		1714BE1C265E50C10040C109 /* Release */ = {
			isa = XCBuildConfiguration;
			buildSettings = {
				ALWAYS_EMBED_SWIFT_STANDARD_LIBRARIES = YES;
				ASSETCATALOG_COMPILER_APPICON_NAME = AppIcon;
				ASSETCATALOG_COMPILER_GLOBAL_ACCENT_COLOR_NAME = AccentColor;
				CODE_SIGN_ENTITLEMENTS = "VML Player/VML Player.entitlements";
				CODE_SIGN_STYLE = Automatic;
				DEVELOPMENT_TEAM = AAWR7RB6HE;
				INFOPLIST_FILE = "VML Player/Info.plist";
				LD_RUNPATH_SEARCH_PATHS = (
					"$(inherited)",
					"@executable_path/Frameworks",
				);
				PRODUCT_BUNDLE_IDENTIFIER = "technology.vml.VML-Player";
				PRODUCT_NAME = "$(TARGET_NAME)";
				SWIFT_VERSION = 5.0;
				TARGETED_DEVICE_FAMILY = "1,2";
			};
			name = Release;
		};
		1714BE1E265E50C10040C109 /* Debug */ = {
			isa = XCBuildConfiguration;
			buildSettings = {
				ALWAYS_EMBED_SWIFT_STANDARD_LIBRARIES = YES;
				BUNDLE_LOADER = "$(TEST_HOST)";
				CODE_SIGN_STYLE = Automatic;
				INFOPLIST_FILE = "VML PlayerTests/Info.plist";
				IPHONEOS_DEPLOYMENT_TARGET = 14.5;
				LD_RUNPATH_SEARCH_PATHS = (
					"$(inherited)",
					"@executable_path/Frameworks",
					"@loader_path/Frameworks",
				);
				PRODUCT_BUNDLE_IDENTIFIER = "technology.vml.VML-PlayerTests";
				PRODUCT_NAME = "$(TARGET_NAME)";
				SWIFT_VERSION = 5.0;
				TARGETED_DEVICE_FAMILY = "1,2";
				TEST_HOST = "$(BUILT_PRODUCTS_DIR)/VML Player.app/VML Player";
			};
			name = Debug;
		};
		1714BE1F265E50C10040C109 /* Release */ = {
			isa = XCBuildConfiguration;
			buildSettings = {
				ALWAYS_EMBED_SWIFT_STANDARD_LIBRARIES = YES;
				BUNDLE_LOADER = "$(TEST_HOST)";
				CODE_SIGN_STYLE = Automatic;
				INFOPLIST_FILE = "VML PlayerTests/Info.plist";
				IPHONEOS_DEPLOYMENT_TARGET = 14.5;
				LD_RUNPATH_SEARCH_PATHS = (
					"$(inherited)",
					"@executable_path/Frameworks",
					"@loader_path/Frameworks",
				);
				PRODUCT_BUNDLE_IDENTIFIER = "technology.vml.VML-PlayerTests";
				PRODUCT_NAME = "$(TARGET_NAME)";
				SWIFT_VERSION = 5.0;
				TARGETED_DEVICE_FAMILY = "1,2";
				TEST_HOST = "$(BUILT_PRODUCTS_DIR)/VML Player.app/VML Player";
			};
			name = Release;
		};
		1714BE21265E50C10040C109 /* Debug */ = {
			isa = XCBuildConfiguration;
			buildSettings = {
				ALWAYS_EMBED_SWIFT_STANDARD_LIBRARIES = YES;
				CODE_SIGN_STYLE = Automatic;
				INFOPLIST_FILE = "VML PlayerUITests/Info.plist";
				LD_RUNPATH_SEARCH_PATHS = (
					"$(inherited)",
					"@executable_path/Frameworks",
					"@loader_path/Frameworks",
				);
				PRODUCT_BUNDLE_IDENTIFIER = "technology.vml.VML-PlayerUITests";
				PRODUCT_NAME = "$(TARGET_NAME)";
				SWIFT_VERSION = 5.0;
				TARGETED_DEVICE_FAMILY = "1,2";
				TEST_TARGET_NAME = "VML Player";
			};
			name = Debug;
		};
		1714BE22265E50C10040C109 /* Release */ = {
			isa = XCBuildConfiguration;
			buildSettings = {
				ALWAYS_EMBED_SWIFT_STANDARD_LIBRARIES = YES;
				CODE_SIGN_STYLE = Automatic;
				INFOPLIST_FILE = "VML PlayerUITests/Info.plist";
				LD_RUNPATH_SEARCH_PATHS = (
					"$(inherited)",
					"@executable_path/Frameworks",
					"@loader_path/Frameworks",
				);
				PRODUCT_BUNDLE_IDENTIFIER = "technology.vml.VML-PlayerUITests";
				PRODUCT_NAME = "$(TARGET_NAME)";
				SWIFT_VERSION = 5.0;
				TARGETED_DEVICE_FAMILY = "1,2";
				TEST_TARGET_NAME = "VML Player";
			};
			name = Release;
		};
		FCDB33D0266631A8009C82DC /* Debug */ = {
			isa = XCBuildConfiguration;
			buildSettings = {
				CODE_SIGN_STYLE = Automatic;
				CURRENT_PROJECT_VERSION = 1;
				DEFINES_MODULE = YES;
				DEVELOPMENT_TEAM = AAWR7RB6HE;
				DYLIB_COMPATIBILITY_VERSION = 1;
				DYLIB_CURRENT_VERSION = 1;
				DYLIB_INSTALL_NAME_BASE = "@rpath";
				INFOPLIST_FILE = VMLPlayerController/Info.plist;
				INSTALL_PATH = "$(LOCAL_LIBRARY_DIR)/Frameworks";
				IPHONEOS_DEPLOYMENT_TARGET = 14.0;
				LD_RUNPATH_SEARCH_PATHS = (
					"$(inherited)",
					"@executable_path/Frameworks",
					"@loader_path/Frameworks",
				);
				PRODUCT_BUNDLE_IDENTIFIER = vmltechnology.VMLPlayerController;
				PRODUCT_NAME = "$(TARGET_NAME:c99extidentifier)";
				SKIP_INSTALL = YES;
				SUPPORTS_MACCATALYST = NO;
				SWIFT_VERSION = 5.0;
				TARGETED_DEVICE_FAMILY = "1,2";
				VERSIONING_SYSTEM = "apple-generic";
				VERSION_INFO_PREFIX = "";
			};
			name = Debug;
		};
		FCDB33D1266631A8009C82DC /* Release */ = {
			isa = XCBuildConfiguration;
			buildSettings = {
				CODE_SIGN_STYLE = Automatic;
				CURRENT_PROJECT_VERSION = 1;
				DEFINES_MODULE = YES;
				DEVELOPMENT_TEAM = AAWR7RB6HE;
				DYLIB_COMPATIBILITY_VERSION = 1;
				DYLIB_CURRENT_VERSION = 1;
				DYLIB_INSTALL_NAME_BASE = "@rpath";
				INFOPLIST_FILE = VMLPlayerController/Info.plist;
				INSTALL_PATH = "$(LOCAL_LIBRARY_DIR)/Frameworks";
				IPHONEOS_DEPLOYMENT_TARGET = 14.0;
				LD_RUNPATH_SEARCH_PATHS = (
					"$(inherited)",
					"@executable_path/Frameworks",
					"@loader_path/Frameworks",
				);
				PRODUCT_BUNDLE_IDENTIFIER = vmltechnology.VMLPlayerController;
				PRODUCT_NAME = "$(TARGET_NAME:c99extidentifier)";
				SKIP_INSTALL = YES;
				SUPPORTS_MACCATALYST = NO;
				SWIFT_VERSION = 5.0;
				TARGETED_DEVICE_FAMILY = "1,2";
				VERSIONING_SYSTEM = "apple-generic";
				VERSION_INFO_PREFIX = "";
			};
			name = Release;
		};
/* End XCBuildConfiguration section */

/* Begin XCConfigurationList section */
		1714BDEB265E50BF0040C109 /* Build configuration list for PBXProject "VML Player" */ = {
			isa = XCConfigurationList;
			buildConfigurations = (
				1714BE18265E50C10040C109 /* Debug */,
				1714BE19265E50C10040C109 /* Release */,
			);
			defaultConfigurationIsVisible = 0;
			defaultConfigurationName = Release;
		};
		1714BE1A265E50C10040C109 /* Build configuration list for PBXNativeTarget "VML Player" */ = {
			isa = XCConfigurationList;
			buildConfigurations = (
				1714BE1B265E50C10040C109 /* Debug */,
				1714BE1C265E50C10040C109 /* Release */,
			);
			defaultConfigurationIsVisible = 0;
			defaultConfigurationName = Release;
		};
		1714BE1D265E50C10040C109 /* Build configuration list for PBXNativeTarget "VML PlayerTests" */ = {
			isa = XCConfigurationList;
			buildConfigurations = (
				1714BE1E265E50C10040C109 /* Debug */,
				1714BE1F265E50C10040C109 /* Release */,
			);
			defaultConfigurationIsVisible = 0;
			defaultConfigurationName = Release;
		};
		1714BE20265E50C10040C109 /* Build configuration list for PBXNativeTarget "VML PlayerUITests" */ = {
			isa = XCConfigurationList;
			buildConfigurations = (
				1714BE21265E50C10040C109 /* Debug */,
				1714BE22265E50C10040C109 /* Release */,
			);
			defaultConfigurationIsVisible = 0;
			defaultConfigurationName = Release;
		};
		FCDB33D2266631A8009C82DC /* Build configuration list for PBXNativeTarget "VMLPlayerController" */ = {
			isa = XCConfigurationList;
			buildConfigurations = (
				FCDB33D0266631A8009C82DC /* Debug */,
				FCDB33D1266631A8009C82DC /* Release */,
			);
			defaultConfigurationIsVisible = 0;
			defaultConfigurationName = Release;
		};
/* End XCConfigurationList section */
	};
	rootObject = 1714BDE8265E50BF0040C109 /* Project object */;
}
